// !$*UTF8*$!
{
	archiveVersion = 1;
	classes = {
	};
	objectVersion = 46;
	objects = {

/* Begin PBXBuildFile section */
		EE0058121D086B2F00D33795 /* logo.png in Resources */ = {isa = PBXBuildFile; fileRef = EE0058111D086B2F00D33795 /* logo.png */; };
		EE0058171D0BFEC100D33795 /* HomeViewController.swift in Sources */ = {isa = PBXBuildFile; fileRef = EE0058161D0BFEC100D33795 /* HomeViewController.swift */; };
		EE0058191D0C0DD200D33795 /* LoginViewController.swift in Sources */ = {isa = PBXBuildFile; fileRef = EE0058181D0C0DD200D33795 /* LoginViewController.swift */; };
		EE00581B1D0C165000D33795 /* left-arrow.png in Resources */ = {isa = PBXBuildFile; fileRef = EE00581A1D0C165000D33795 /* left-arrow.png */; };
		EE4B5B781D07749700F486F1 /* AppDelegate.swift in Sources */ = {isa = PBXBuildFile; fileRef = EE4B5B771D07749700F486F1 /* AppDelegate.swift */; };
		EE4B5B7D1D07749700F486F1 /* Main.storyboard in Resources */ = {isa = PBXBuildFile; fileRef = EE4B5B7B1D07749700F486F1 /* Main.storyboard */; };
		EE4B5B7F1D07749700F486F1 /* Assets.xcassets in Resources */ = {isa = PBXBuildFile; fileRef = EE4B5B7E1D07749700F486F1 /* Assets.xcassets */; };
		EE4B5B821D07749700F486F1 /* LaunchScreen.storyboard in Resources */ = {isa = PBXBuildFile; fileRef = EE4B5B801D07749700F486F1 /* LaunchScreen.storyboard */; };
		EE4B5B8D1D07749700F486F1 /* CleanCondoTests.swift in Sources */ = {isa = PBXBuildFile; fileRef = EE4B5B8C1D07749700F486F1 /* CleanCondoTests.swift */; };
		EE4B5B981D07749700F486F1 /* CleanCondoUITests.swift in Sources */ = {isa = PBXBuildFile; fileRef = EE4B5B971D07749700F486F1 /* CleanCondoUITests.swift */; };
/* End PBXBuildFile section */

/* Begin PBXContainerItemProxy section */
		EE4B5B891D07749700F486F1 /* PBXContainerItemProxy */ = {
			isa = PBXContainerItemProxy;
			containerPortal = EE4B5B6C1D07749600F486F1 /* Project object */;
			proxyType = 1;
			remoteGlobalIDString = EE4B5B731D07749600F486F1;
			remoteInfo = CleanCondo;
		};
		EE4B5B941D07749700F486F1 /* PBXContainerItemProxy */ = {
			isa = PBXContainerItemProxy;
			containerPortal = EE4B5B6C1D07749600F486F1 /* Project object */;
			proxyType = 1;
			remoteGlobalIDString = EE4B5B731D07749600F486F1;
			remoteInfo = CleanCondo;
		};
/* End PBXContainerItemProxy section */

/* Begin PBXFileReference section */
		EE0058111D086B2F00D33795 /* logo.png */ = {isa = PBXFileReference; lastKnownFileType = image.png; path = logo.png; sourceTree = "<group>"; };
		EE0058161D0BFEC100D33795 /* HomeViewController.swift */ = {isa = PBXFileReference; fileEncoding = 4; lastKnownFileType = sourcecode.swift; name = HomeViewController.swift; path = Classes/HomeViewController.swift; sourceTree = "<group>"; };
		EE0058181D0C0DD200D33795 /* LoginViewController.swift */ = {isa = PBXFileReference; fileEncoding = 4; lastKnownFileType = sourcecode.swift; name = LoginViewController.swift; path = Classes/LoginViewController.swift; sourceTree = "<group>"; };
		EE00581A1D0C165000D33795 /* left-arrow.png */ = {isa = PBXFileReference; lastKnownFileType = image.png; path = "left-arrow.png"; sourceTree = "<group>"; };
		EE4B5B741D07749600F486F1 /* CleanCondo.app */ = {isa = PBXFileReference; explicitFileType = wrapper.application; includeInIndex = 0; path = CleanCondo.app; sourceTree = BUILT_PRODUCTS_DIR; };
		EE4B5B771D07749700F486F1 /* AppDelegate.swift */ = {isa = PBXFileReference; lastKnownFileType = sourcecode.swift; path = AppDelegate.swift; sourceTree = "<group>"; };
		EE4B5B7C1D07749700F486F1 /* Base */ = {isa = PBXFileReference; lastKnownFileType = file.storyboard; name = Base; path = Base.lproj/Main.storyboard; sourceTree = "<group>"; };
		EE4B5B7E1D07749700F486F1 /* Assets.xcassets */ = {isa = PBXFileReference; lastKnownFileType = folder.assetcatalog; path = Assets.xcassets; sourceTree = "<group>"; };
		EE4B5B811D07749700F486F1 /* Base */ = {isa = PBXFileReference; lastKnownFileType = file.storyboard; name = Base; path = Base.lproj/LaunchScreen.storyboard; sourceTree = "<group>"; };
		EE4B5B831D07749700F486F1 /* Info.plist */ = {isa = PBXFileReference; lastKnownFileType = text.plist.xml; path = Info.plist; sourceTree = "<group>"; };
		EE4B5B881D07749700F486F1 /* CleanCondoTests.xctest */ = {isa = PBXFileReference; explicitFileType = wrapper.cfbundle; includeInIndex = 0; path = CleanCondoTests.xctest; sourceTree = BUILT_PRODUCTS_DIR; };
		EE4B5B8C1D07749700F486F1 /* CleanCondoTests.swift */ = {isa = PBXFileReference; lastKnownFileType = sourcecode.swift; path = CleanCondoTests.swift; sourceTree = "<group>"; };
		EE4B5B8E1D07749700F486F1 /* Info.plist */ = {isa = PBXFileReference; lastKnownFileType = text.plist.xml; path = Info.plist; sourceTree = "<group>"; };
		EE4B5B931D07749700F486F1 /* CleanCondoUITests.xctest */ = {isa = PBXFileReference; explicitFileType = wrapper.cfbundle; includeInIndex = 0; path = CleanCondoUITests.xctest; sourceTree = BUILT_PRODUCTS_DIR; };
		EE4B5B971D07749700F486F1 /* CleanCondoUITests.swift */ = {isa = PBXFileReference; lastKnownFileType = sourcecode.swift; path = CleanCondoUITests.swift; sourceTree = "<group>"; };
		EE4B5B991D07749700F486F1 /* Info.plist */ = {isa = PBXFileReference; lastKnownFileType = text.plist.xml; path = Info.plist; sourceTree = "<group>"; };
/* End PBXFileReference section */

/* Begin PBXFrameworksBuildPhase section */
		EE4B5B711D07749600F486F1 /* Frameworks */ = {
			isa = PBXFrameworksBuildPhase;
			buildActionMask = 2147483647;
			files = (
			);
			runOnlyForDeploymentPostprocessing = 0;
		};
		EE4B5B851D07749700F486F1 /* Frameworks */ = {
			isa = PBXFrameworksBuildPhase;
			buildActionMask = 2147483647;
			files = (
			);
			runOnlyForDeploymentPostprocessing = 0;
		};
		EE4B5B901D07749700F486F1 /* Frameworks */ = {
			isa = PBXFrameworksBuildPhase;
			buildActionMask = 2147483647;
			files = (
			);
			runOnlyForDeploymentPostprocessing = 0;
		};
/* End PBXFrameworksBuildPhase section */

/* Begin PBXGroup section */
		EE0058131D086B7F00D33795 /* Assets */ = {
			isa = PBXGroup;
			children = (
				EE00581A1D0C165000D33795 /* left-arrow.png */,
				EE0058111D086B2F00D33795 /* logo.png */,
			);
			name = Assets;
			sourceTree = "<group>";
		};
		EE4B5B6B1D07749600F486F1 = {
			isa = PBXGroup;
			children = (
				EE4B5B761D07749700F486F1 /* CleanCondo */,
				EE4B5B8B1D07749700F486F1 /* CleanCondoTests */,
				EE4B5B961D07749700F486F1 /* CleanCondoUITests */,
				EE4B5B751D07749600F486F1 /* Products */,
			);
			sourceTree = "<group>";
		};
		EE4B5B751D07749600F486F1 /* Products */ = {
			isa = PBXGroup;
			children = (
				EE4B5B741D07749600F486F1 /* CleanCondo.app */,
				EE4B5B881D07749700F486F1 /* CleanCondoTests.xctest */,
				EE4B5B931D07749700F486F1 /* CleanCondoUITests.xctest */,
			);
			name = Products;
			sourceTree = "<group>";
		};
		EE4B5B761D07749700F486F1 /* CleanCondo */ = {
			isa = PBXGroup;
			children = (
				EE4B5B771D07749700F486F1 /* AppDelegate.swift */,
				EE0058161D0BFEC100D33795 /* HomeViewController.swift */,
				EE0058181D0C0DD200D33795 /* LoginViewController.swift */,
				EE4B5B7B1D07749700F486F1 /* Main.storyboard */,
				EE4B5B7E1D07749700F486F1 /* Assets.xcassets */,
				EE4B5B801D07749700F486F1 /* LaunchScreen.storyboard */,
				EE0058131D086B7F00D33795 /* Assets */,
				EE4B5B831D07749700F486F1 /* Info.plist */,
			);
			path = CleanCondo;
			sourceTree = "<group>";
		};
		EE4B5B8B1D07749700F486F1 /* CleanCondoTests */ = {
			isa = PBXGroup;
			children = (
				EE4B5B8C1D07749700F486F1 /* CleanCondoTests.swift */,
				EE4B5B8E1D07749700F486F1 /* Info.plist */,
			);
			path = CleanCondoTests;
			sourceTree = "<group>";
		};
		EE4B5B961D07749700F486F1 /* CleanCondoUITests */ = {
			isa = PBXGroup;
			children = (
				EE4B5B971D07749700F486F1 /* CleanCondoUITests.swift */,
				EE4B5B991D07749700F486F1 /* Info.plist */,
			);
			path = CleanCondoUITests;
			sourceTree = "<group>";
		};
/* End PBXGroup section */

/* Begin PBXNativeTarget section */
		EE4B5B731D07749600F486F1 /* CleanCondo */ = {
			isa = PBXNativeTarget;
			buildConfigurationList = EE4B5B9C1D07749700F486F1 /* Build configuration list for PBXNativeTarget "CleanCondo" */;
			buildPhases = (
				EE4B5B701D07749600F486F1 /* Sources */,
				EE4B5B711D07749600F486F1 /* Frameworks */,
				EE4B5B721D07749600F486F1 /* Resources */,
			);
			buildRules = (
			);
			dependencies = (
			);
			name = CleanCondo;
			productName = CleanCondo;
			productReference = EE4B5B741D07749600F486F1 /* CleanCondo.app */;
			productType = "com.apple.product-type.application";
		};
		EE4B5B871D07749700F486F1 /* CleanCondoTests */ = {
			isa = PBXNativeTarget;
			buildConfigurationList = EE4B5B9F1D07749700F486F1 /* Build configuration list for PBXNativeTarget "CleanCondoTests" */;
			buildPhases = (
				EE4B5B841D07749700F486F1 /* Sources */,
				EE4B5B851D07749700F486F1 /* Frameworks */,
				EE4B5B861D07749700F486F1 /* Resources */,
			);
			buildRules = (
			);
			dependencies = (
				EE4B5B8A1D07749700F486F1 /* PBXTargetDependency */,
			);
			name = CleanCondoTests;
			productName = CleanCondoTests;
			productReference = EE4B5B881D07749700F486F1 /* CleanCondoTests.xctest */;
			productType = "com.apple.product-type.bundle.unit-test";
		};
		EE4B5B921D07749700F486F1 /* CleanCondoUITests */ = {
			isa = PBXNativeTarget;
			buildConfigurationList = EE4B5BA21D07749700F486F1 /* Build configuration list for PBXNativeTarget "CleanCondoUITests" */;
			buildPhases = (
				EE4B5B8F1D07749700F486F1 /* Sources */,
				EE4B5B901D07749700F486F1 /* Frameworks */,
				EE4B5B911D07749700F486F1 /* Resources */,
			);
			buildRules = (
			);
			dependencies = (
				EE4B5B951D07749700F486F1 /* PBXTargetDependency */,
			);
			name = CleanCondoUITests;
			productName = CleanCondoUITests;
			productReference = EE4B5B931D07749700F486F1 /* CleanCondoUITests.xctest */;
			productType = "com.apple.product-type.bundle.ui-testing";
		};
/* End PBXNativeTarget section */

/* Begin PBXProject section */
		EE4B5B6C1D07749600F486F1 /* Project object */ = {
			isa = PBXProject;
			attributes = {
				LastSwiftUpdateCheck = 0730;
				LastUpgradeCheck = 0730;
				ORGANIZATIONNAME = "--=_t0tep_=--";
				TargetAttributes = {
					EE4B5B731D07749600F486F1 = {
						CreatedOnToolsVersion = 7.3;
					};
					EE4B5B871D07749700F486F1 = {
						CreatedOnToolsVersion = 7.3;
						TestTargetID = EE4B5B731D07749600F486F1;
					};
					EE4B5B921D07749700F486F1 = {
						CreatedOnToolsVersion = 7.3;
						TestTargetID = EE4B5B731D07749600F486F1;
					};
				};
			};
			buildConfigurationList = EE4B5B6F1D07749600F486F1 /* Build configuration list for PBXProject "CleanCondo" */;
			compatibilityVersion = "Xcode 3.2";
			developmentRegion = English;
			hasScannedForEncodings = 0;
			knownRegions = (
				en,
				Base,
			);
			mainGroup = EE4B5B6B1D07749600F486F1;
			productRefGroup = EE4B5B751D07749600F486F1 /* Products */;
			projectDirPath = "";
			projectRoot = "";
			targets = (
				EE4B5B731D07749600F486F1 /* CleanCondo */,
				EE4B5B871D07749700F486F1 /* CleanCondoTests */,
				EE4B5B921D07749700F486F1 /* CleanCondoUITests */,
			);
		};
/* End PBXProject section */

/* Begin PBXResourcesBuildPhase section */
		EE4B5B721D07749600F486F1 /* Resources */ = {
			isa = PBXResourcesBuildPhase;
			buildActionMask = 2147483647;
			files = (
				EE0058121D086B2F00D33795 /* logo.png in Resources */,
				EE4B5B821D07749700F486F1 /* LaunchScreen.storyboard in Resources */,
				EE4B5B7F1D07749700F486F1 /* Assets.xcassets in Resources */,
				EE4B5B7D1D07749700F486F1 /* Main.storyboard in Resources */,
				EE00581B1D0C165000D33795 /* left-arrow.png in Resources */,
			);
			runOnlyForDeploymentPostprocessing = 0;
		};
		EE4B5B861D07749700F486F1 /* Resources */ = {
			isa = PBXResourcesBuildPhase;
			buildActionMask = 2147483647;
			files = (
			);
			runOnlyForDeploymentPostprocessing = 0;
		};
		EE4B5B911D07749700F486F1 /* Resources */ = {
			isa = PBXResourcesBuildPhase;
			buildActionMask = 2147483647;
			files = (
			);
			runOnlyForDeploymentPostprocessing = 0;
		};
/* End PBXResourcesBuildPhase section */

/* Begin PBXSourcesBuildPhase section */
		EE4B5B701D07749600F486F1 /* Sources */ = {
			isa = PBXSourcesBuildPhase;
			buildActionMask = 2147483647;
			files = (
				EE0058191D0C0DD200D33795 /* LoginViewController.swift in Sources */,
				EE4B5B781D07749700F486F1 /* AppDelegate.swift in Sources */,
				EE0058171D0BFEC100D33795 /* HomeViewController.swift in Sources */,
			);
			runOnlyForDeploymentPostprocessing = 0;
		};
		EE4B5B841D07749700F486F1 /* Sources */ = {
			isa = PBXSourcesBuildPhase;
			buildActionMask = 2147483647;
			files = (
				EE4B5B8D1D07749700F486F1 /* CleanCondoTests.swift in Sources */,
			);
			runOnlyForDeploymentPostprocessing = 0;
		};
		EE4B5B8F1D07749700F486F1 /* Sources */ = {
			isa = PBXSourcesBuildPhase;
			buildActionMask = 2147483647;
			files = (
				EE4B5B981D07749700F486F1 /* CleanCondoUITests.swift in Sources */,
			);
			runOnlyForDeploymentPostprocessing = 0;
		};
/* End PBXSourcesBuildPhase section */

/* Begin PBXTargetDependency section */
		EE4B5B8A1D07749700F486F1 /* PBXTargetDependency */ = {
			isa = PBXTargetDependency;
			target = EE4B5B731D07749600F486F1 /* CleanCondo */;
			targetProxy = EE4B5B891D07749700F486F1 /* PBXContainerItemProxy */;
		};
		EE4B5B951D07749700F486F1 /* PBXTargetDependency */ = {
			isa = PBXTargetDependency;
			target = EE4B5B731D07749600F486F1 /* CleanCondo */;
			targetProxy = EE4B5B941D07749700F486F1 /* PBXContainerItemProxy */;
		};
/* End PBXTargetDependency section */

/* Begin PBXVariantGroup section */
		EE4B5B7B1D07749700F486F1 /* Main.storyboard */ = {
			isa = PBXVariantGroup;
			children = (
				EE4B5B7C1D07749700F486F1 /* Base */,
			);
			name = Main.storyboard;
			sourceTree = "<group>";
		};
		EE4B5B801D07749700F486F1 /* LaunchScreen.storyboard */ = {
			isa = PBXVariantGroup;
			children = (
				EE4B5B811D07749700F486F1 /* Base */,
			);
			name = LaunchScreen.storyboard;
			sourceTree = "<group>";
		};
/* End PBXVariantGroup section */

/* Begin XCBuildConfiguration section */
		EE4B5B9A1D07749700F486F1 /* Debug */ = {
			isa = XCBuildConfiguration;
			buildSettings = {
				ALWAYS_SEARCH_USER_PATHS = NO;
				CLANG_ANALYZER_NONNULL = YES;
				CLANG_CXX_LANGUAGE_STANDARD = "gnu++0x";
				CLANG_CXX_LIBRARY = "libc++";
				CLANG_ENABLE_MODULES = YES;
				CLANG_ENABLE_OBJC_ARC = YES;
				CLANG_WARN_BOOL_CONVERSION = YES;
				CLANG_WARN_CONSTANT_CONVERSION = YES;
				CLANG_WARN_DIRECT_OBJC_ISA_USAGE = YES_ERROR;
				CLANG_WARN_EMPTY_BODY = YES;
				CLANG_WARN_ENUM_CONVERSION = YES;
				CLANG_WARN_INT_CONVERSION = YES;
				CLANG_WARN_OBJC_ROOT_CLASS = YES_ERROR;
				CLANG_WARN_UNREACHABLE_CODE = YES;
				CLANG_WARN__DUPLICATE_METHOD_MATCH = YES;
				"CODE_SIGN_IDENTITY[sdk=iphoneos*]" = "iPhone Developer";
				COPY_PHASE_STRIP = NO;
				DEBUG_INFORMATION_FORMAT = dwarf;
				ENABLE_STRICT_OBJC_MSGSEND = YES;
				ENABLE_TESTABILITY = YES;
				GCC_C_LANGUAGE_STANDARD = gnu99;
				GCC_DYNAMIC_NO_PIC = NO;
				GCC_NO_COMMON_BLOCKS = YES;
				GCC_OPTIMIZATION_LEVEL = 0;
				GCC_PREPROCESSOR_DEFINITIONS = (
					"DEBUG=1",
					"$(inherited)",
				);
				GCC_WARN_64_TO_32_BIT_CONVERSION = YES;
				GCC_WARN_ABOUT_RETURN_TYPE = YES_ERROR;
				GCC_WARN_UNDECLARED_SELECTOR = YES;
				GCC_WARN_UNINITIALIZED_AUTOS = YES_AGGRESSIVE;
				GCC_WARN_UNUSED_FUNCTION = YES;
				GCC_WARN_UNUSED_VARIABLE = YES;
				IPHONEOS_DEPLOYMENT_TARGET = 9.3;
				MTL_ENABLE_DEBUG_INFO = YES;
				ONLY_ACTIVE_ARCH = YES;
				SDKROOT = iphoneos;
				SWIFT_OPTIMIZATION_LEVEL = "-Onone";
				TARGETED_DEVICE_FAMILY = "1,2";
			};
			name = Debug;
		};
		EE4B5B9B1D07749700F486F1 /* Release */ = {
			isa = XCBuildConfiguration;
			buildSettings = {
				ALWAYS_SEARCH_USER_PATHS = NO;
				CLANG_ANALYZER_NONNULL = YES;
				CLANG_CXX_LANGUAGE_STANDARD = "gnu++0x";
				CLANG_CXX_LIBRARY = "libc++";
				CLANG_ENABLE_MODULES = YES;
				CLANG_ENABLE_OBJC_ARC = YES;
				CLANG_WARN_BOOL_CONVERSION = YES;
				CLANG_WARN_CONSTANT_CONVERSION = YES;
				CLANG_WARN_DIRECT_OBJC_ISA_USAGE = YES_ERROR;
				CLANG_WARN_EMPTY_BODY = YES;
				CLANG_WARN_ENUM_CONVERSION = YES;
				CLANG_WARN_INT_CONVERSION = YES;
				CLANG_WARN_OBJC_ROOT_CLASS = YES_ERROR;
				CLANG_WARN_UNREACHABLE_CODE = YES;
				CLANG_WARN__DUPLICATE_METHOD_MATCH = YES;
				"CODE_SIGN_IDENTITY[sdk=iphoneos*]" = "iPhone Developer";
				COPY_PHASE_STRIP = NO;
				DEBUG_INFORMATION_FORMAT = "dwarf-with-dsym";
				ENABLE_NS_ASSERTIONS = NO;
				ENABLE_STRICT_OBJC_MSGSEND = YES;
				GCC_C_LANGUAGE_STANDARD = gnu99;
				GCC_NO_COMMON_BLOCKS = YES;
				GCC_WARN_64_TO_32_BIT_CONVERSION = YES;
				GCC_WARN_ABOUT_RETURN_TYPE = YES_ERROR;
				GCC_WARN_UNDECLARED_SELECTOR = YES;
				GCC_WARN_UNINITIALIZED_AUTOS = YES_AGGRESSIVE;
				GCC_WARN_UNUSED_FUNCTION = YES;
				GCC_WARN_UNUSED_VARIABLE = YES;
				IPHONEOS_DEPLOYMENT_TARGET = 9.3;
				MTL_ENABLE_DEBUG_INFO = NO;
				SDKROOT = iphoneos;
				TARGETED_DEVICE_FAMILY = "1,2";
				VALIDATE_PRODUCT = YES;
			};
			name = Release;
		};
		EE4B5B9D1D07749700F486F1 /* Debug */ = {
			isa = XCBuildConfiguration;
			buildSettings = {
				ASSETCATALOG_COMPILER_APPICON_NAME = AppIcon;
				INFOPLIST_FILE = CleanCondo/Info.plist;
				LD_RUNPATH_SEARCH_PATHS = "$(inherited) @executable_path/Frameworks";
				PRODUCT_BUNDLE_IDENTIFIER = com.t0tep.app.CleanCondo;
				PRODUCT_NAME = "$(TARGET_NAME)";
			};
			name = Debug;
		};
		EE4B5B9E1D07749700F486F1 /* Release */ = {
			isa = XCBuildConfiguration;
			buildSettings = {
				ASSETCATALOG_COMPILER_APPICON_NAME = AppIcon;
				INFOPLIST_FILE = CleanCondo/Info.plist;
				LD_RUNPATH_SEARCH_PATHS = "$(inherited) @executable_path/Frameworks";
				PRODUCT_BUNDLE_IDENTIFIER = com.t0tep.app.CleanCondo;
				PRODUCT_NAME = "$(TARGET_NAME)";
			};
			name = Release;
		};
		EE4B5BA01D07749700F486F1 /* Debug */ = {
			isa = XCBuildConfiguration;
			buildSettings = {
				BUNDLE_LOADER = "$(TEST_HOST)";
				INFOPLIST_FILE = CleanCondoTests/Info.plist;
				LD_RUNPATH_SEARCH_PATHS = "$(inherited) @executable_path/Frameworks @loader_path/Frameworks";
				PRODUCT_BUNDLE_IDENTIFIER = com.t0tep.app.CleanCondoTests;
				PRODUCT_NAME = "$(TARGET_NAME)";
				TEST_HOST = "$(BUILT_PRODUCTS_DIR)/CleanCondo.app/CleanCondo";
			};
			name = Debug;
		};
		EE4B5BA11D07749700F486F1 /* Release */ = {
			isa = XCBuildConfiguration;
			buildSettings = {
				BUNDLE_LOADER = "$(TEST_HOST)";
				INFOPLIST_FILE = CleanCondoTests/Info.plist;
				LD_RUNPATH_SEARCH_PATHS = "$(inherited) @executable_path/Frameworks @loader_path/Frameworks";
				PRODUCT_BUNDLE_IDENTIFIER = com.t0tep.app.CleanCondoTests;
				PRODUCT_NAME = "$(TARGET_NAME)";
				TEST_HOST = "$(BUILT_PRODUCTS_DIR)/CleanCondo.app/CleanCondo";
			};
			name = Release;
		};
		EE4B5BA31D07749700F486F1 /* Debug */ = {
			isa = XCBuildConfiguration;
			buildSettings = {
				INFOPLIST_FILE = CleanCondoUITests/Info.plist;
				LD_RUNPATH_SEARCH_PATHS = "$(inherited) @executable_path/Frameworks @loader_path/Frameworks";
				PRODUCT_BUNDLE_IDENTIFIER = com.t0tep.app.CleanCondoUITests;
				PRODUCT_NAME = "$(TARGET_NAME)";
				TEST_TARGET_NAME = CleanCondo;
			};
			name = Debug;
		};
		EE4B5BA41D07749700F486F1 /* Release */ = {
			isa = XCBuildConfiguration;
			buildSettings = {
				INFOPLIST_FILE = CleanCondoUITests/Info.plist;
				LD_RUNPATH_SEARCH_PATHS = "$(inherited) @executable_path/Frameworks @loader_path/Frameworks";
				PRODUCT_BUNDLE_IDENTIFIER = com.t0tep.app.CleanCondoUITests;
				PRODUCT_NAME = "$(TARGET_NAME)";
				TEST_TARGET_NAME = CleanCondo;
			};
			name = Release;
		};
/* End XCBuildConfiguration section */

/* Begin XCConfigurationList section */
		EE4B5B6F1D07749600F486F1 /* Build configuration list for PBXProject "CleanCondo" */ = {
			isa = XCConfigurationList;
			buildConfigurations = (
				EE4B5B9A1D07749700F486F1 /* Debug */,
				EE4B5B9B1D07749700F486F1 /* Release */,
			);
			defaultConfigurationIsVisible = 0;
			defaultConfigurationName = Release;
		};
		EE4B5B9C1D07749700F486F1 /* Build configuration list for PBXNativeTarget "CleanCondo" */ = {
			isa = XCConfigurationList;
			buildConfigurations = (
				EE4B5B9D1D07749700F486F1 /* Debug */,
				EE4B5B9E1D07749700F486F1 /* Release */,
			);
			defaultConfigurationIsVisible = 0;
			defaultConfigurationName = Release;
		};
		EE4B5B9F1D07749700F486F1 /* Build configuration list for PBXNativeTarget "CleanCondoTests" */ = {
			isa = XCConfigurationList;
			buildConfigurations = (
				EE4B5BA01D07749700F486F1 /* Debug */,
				EE4B5BA11D07749700F486F1 /* Release */,
			);
			defaultConfigurationIsVisible = 0;
			defaultConfigurationName = Release;
		};
		EE4B5BA21D07749700F486F1 /* Build configuration list for PBXNativeTarget "CleanCondoUITests" */ = {
			isa = XCConfigurationList;
			buildConfigurations = (
				EE4B5BA31D07749700F486F1 /* Debug */,
				EE4B5BA41D07749700F486F1 /* Release */,
			);
			defaultConfigurationIsVisible = 0;
			defaultConfigurationName = Release;
		};
/* End XCConfigurationList section */
	};
	rootObject = EE4B5B6C1D07749600F486F1 /* Project object */;
}
