// !$*UTF8*$!
{
	archiveVersion = 1;
	classes = {
	};
	objectVersion = 46;
	objects = {

/* Begin PBXBuildFile section */
		EE0C316A1D17234900B6AD9C /* Fabric.framework in Frameworks */ = {isa = PBXBuildFile; fileRef = EE0C31681D17234900B6AD9C /* Fabric.framework */; };
		EE0C316B1D17234900B6AD9C /* Crashlytics.framework in Frameworks */ = {isa = PBXBuildFile; fileRef = EE0C31691D17234900B6AD9C /* Crashlytics.framework */; };
		EEBF7B4D1D165D6C0034FF2D /* Main.storyboard in Resources */ = {isa = PBXBuildFile; fileRef = EEBF7B4B1D165D6C0034FF2D /* Main.storyboard */; };
		EEBF7B4F1D165D6C0034FF2D /* Assets.xcassets in Resources */ = {isa = PBXBuildFile; fileRef = EEBF7B4E1D165D6C0034FF2D /* Assets.xcassets */; };
		EEBF7B521D165D6C0034FF2D /* LaunchScreen.storyboard in Resources */ = {isa = PBXBuildFile; fileRef = EEBF7B501D165D6C0034FF2D /* LaunchScreen.storyboard */; };
		EEBF7B5D1D16727F0034FF2D /* AppDelegate.swift in Sources */ = {isa = PBXBuildFile; fileRef = EEBF7B5B1D16727F0034FF2D /* AppDelegate.swift */; };
		EEBF7B611D1673030034FF2D /* Extensions.swift in Sources */ = {isa = PBXBuildFile; fileRef = EEBF7B601D1673030034FF2D /* Extensions.swift */; };
		EEBF7B641D1673330034FF2D /* ConnectionDetector.swift in Sources */ = {isa = PBXBuildFile; fileRef = EEBF7B631D1673330034FF2D /* ConnectionDetector.swift */; };
		EEBF7B681D1673AF0034FF2D /* HRToast+UIView.swift in Sources */ = {isa = PBXBuildFile; fileRef = EEBF7B661D1673AF0034FF2D /* HRToast+UIView.swift */; };
		EEBF7B691D1673AF0034FF2D /* ToastFunction.swift in Sources */ = {isa = PBXBuildFile; fileRef = EEBF7B671D1673AF0034FF2D /* ToastFunction.swift */; };
		EEBF7B731D1673E80034FF2D /* EmptySegue.m in Sources */ = {isa = PBXBuildFile; fileRef = EEBF7B6C1D1673E80034FF2D /* EmptySegue.m */; };
		EEBF7B741D1673E80034FF2D /* LeftMenuViewController.swift in Sources */ = {isa = PBXBuildFile; fileRef = EEBF7B6D1D1673E80034FF2D /* LeftMenuViewController.swift */; };
		EEBF7B751D1673E80034FF2D /* MenuTableViewCell.swift in Sources */ = {isa = PBXBuildFile; fileRef = EEBF7B6E1D1673E80034FF2D /* MenuTableViewCell.swift */; };
		EEBF7B761D1673E80034FF2D /* MSSlidingPanelController.m in Sources */ = {isa = PBXBuildFile; fileRef = EEBF7B701D1673E80034FF2D /* MSSlidingPanelController.m */; };
		EEBF7B771D1673E80034FF2D /* MSViewControllerSlidingPanel.m in Sources */ = {isa = PBXBuildFile; fileRef = EEBF7B721D1673E80034FF2D /* MSViewControllerSlidingPanel.m */; };
		EEBF7B7A1D16749F0034FF2D /* BaseTableViewController.swift in Sources */ = {isa = PBXBuildFile; fileRef = EEBF7B791D16749F0034FF2D /* BaseTableViewController.swift */; };
		EEBF7B8A1D1676440034FF2D /* HomeViewController.swift in Sources */ = {isa = PBXBuildFile; fileRef = EEBF7B891D1676440034FF2D /* HomeViewController.swift */; };
		EEBF7B8D1D16767E0034FF2D /* SignUpItemController.swift in Sources */ = {isa = PBXBuildFile; fileRef = EEBF7B8B1D16767E0034FF2D /* SignUpItemController.swift */; };
		EEBF7B8E1D16767E0034FF2D /* SignUpViewController.swift in Sources */ = {isa = PBXBuildFile; fileRef = EEBF7B8C1D16767E0034FF2D /* SignUpViewController.swift */; };
		EEBF7B901D1676B50034FF2D /* BookingViewController.swift in Sources */ = {isa = PBXBuildFile; fileRef = EEBF7B8F1D1676B50034FF2D /* BookingViewController.swift */; };
		EEBF7B921D1677040034FF2D /* LoginViewController.swift in Sources */ = {isa = PBXBuildFile; fileRef = EEBF7B911D1677040034FF2D /* LoginViewController.swift */; };
/* End PBXBuildFile section */

/* Begin PBXFileReference section */
		EE0C31681D17234900B6AD9C /* Fabric.framework */ = {isa = PBXFileReference; lastKnownFileType = wrapper.framework; path = Fabric.framework; sourceTree = "<group>"; };
		EE0C31691D17234900B6AD9C /* Crashlytics.framework */ = {isa = PBXFileReference; lastKnownFileType = wrapper.framework; path = Crashlytics.framework; sourceTree = "<group>"; };
		EEBF7B441D165D6C0034FF2D /* CleanCondo.app */ = {isa = PBXFileReference; explicitFileType = wrapper.application; includeInIndex = 0; path = CleanCondo.app; sourceTree = BUILT_PRODUCTS_DIR; };
		EEBF7B4C1D165D6C0034FF2D /* Base */ = {isa = PBXFileReference; lastKnownFileType = file.storyboard; name = Base; path = Base.lproj/Main.storyboard; sourceTree = "<group>"; };
		EEBF7B4E1D165D6C0034FF2D /* Assets.xcassets */ = {isa = PBXFileReference; lastKnownFileType = folder.assetcatalog; path = Assets.xcassets; sourceTree = "<group>"; };
		EEBF7B511D165D6C0034FF2D /* Base */ = {isa = PBXFileReference; lastKnownFileType = file.storyboard; name = Base; path = Base.lproj/LaunchScreen.storyboard; sourceTree = "<group>"; };
		EEBF7B531D165D6C0034FF2D /* Info.plist */ = {isa = PBXFileReference; lastKnownFileType = text.plist.xml; path = Info.plist; sourceTree = "<group>"; };
		EEBF7B5A1D16727E0034FF2D /* CleanCondo-Bridging-Header.h */ = {isa = PBXFileReference; lastKnownFileType = sourcecode.c.h; path = "CleanCondo-Bridging-Header.h"; sourceTree = "<group>"; };
		EEBF7B5B1D16727F0034FF2D /* AppDelegate.swift */ = {isa = PBXFileReference; fileEncoding = 4; lastKnownFileType = sourcecode.swift; name = AppDelegate.swift; path = MainViewController/AppDelegate.swift; sourceTree = "<group>"; };
		EEBF7B5F1D1673030034FF2D /* CommonCryptor.h */ = {isa = PBXFileReference; fileEncoding = 4; lastKnownFileType = sourcecode.c.h; name = CommonCryptor.h; path = Extensions/CommonCryptor.h; sourceTree = "<group>"; };
		EEBF7B601D1673030034FF2D /* Extensions.swift */ = {isa = PBXFileReference; fileEncoding = 4; lastKnownFileType = sourcecode.swift; name = Extensions.swift; path = Extensions/Extensions.swift; sourceTree = "<group>"; };
		EEBF7B631D1673330034FF2D /* ConnectionDetector.swift */ = {isa = PBXFileReference; fileEncoding = 4; lastKnownFileType = sourcecode.swift; name = ConnectionDetector.swift; path = Httpfunctions/ConnectionDetector.swift; sourceTree = "<group>"; };
		EEBF7B661D1673AF0034FF2D /* HRToast+UIView.swift */ = {isa = PBXFileReference; fileEncoding = 4; lastKnownFileType = sourcecode.swift; name = "HRToast+UIView.swift"; path = "Toast/HRToast+UIView.swift"; sourceTree = "<group>"; };
		EEBF7B671D1673AF0034FF2D /* ToastFunction.swift */ = {isa = PBXFileReference; fileEncoding = 4; lastKnownFileType = sourcecode.swift; name = ToastFunction.swift; path = Toast/ToastFunction.swift; sourceTree = "<group>"; };
		EEBF7B6B1D1673E80034FF2D /* EmptySegue.h */ = {isa = PBXFileReference; fileEncoding = 4; lastKnownFileType = sourcecode.c.h; name = EmptySegue.h; path = SlideMenuLibrary/EmptySegue.h; sourceTree = "<group>"; };
		EEBF7B6C1D1673E80034FF2D /* EmptySegue.m */ = {isa = PBXFileReference; fileEncoding = 4; lastKnownFileType = sourcecode.c.objc; name = EmptySegue.m; path = SlideMenuLibrary/EmptySegue.m; sourceTree = "<group>"; };
		EEBF7B6D1D1673E80034FF2D /* LeftMenuViewController.swift */ = {isa = PBXFileReference; fileEncoding = 4; lastKnownFileType = sourcecode.swift; name = LeftMenuViewController.swift; path = SlideMenuLibrary/LeftMenuViewController.swift; sourceTree = "<group>"; };
		EEBF7B6E1D1673E80034FF2D /* MenuTableViewCell.swift */ = {isa = PBXFileReference; fileEncoding = 4; lastKnownFileType = sourcecode.swift; name = MenuTableViewCell.swift; path = SlideMenuLibrary/MenuTableViewCell.swift; sourceTree = "<group>"; };
		EEBF7B6F1D1673E80034FF2D /* MSSlidingPanelController.h */ = {isa = PBXFileReference; fileEncoding = 4; lastKnownFileType = sourcecode.c.h; name = MSSlidingPanelController.h; path = SlideMenuLibrary/MSSlidingPanelController.h; sourceTree = "<group>"; };
		EEBF7B701D1673E80034FF2D /* MSSlidingPanelController.m */ = {isa = PBXFileReference; fileEncoding = 4; lastKnownFileType = sourcecode.c.objc; name = MSSlidingPanelController.m; path = SlideMenuLibrary/MSSlidingPanelController.m; sourceTree = "<group>"; };
		EEBF7B711D1673E80034FF2D /* MSViewControllerSlidingPanel.h */ = {isa = PBXFileReference; fileEncoding = 4; lastKnownFileType = sourcecode.c.h; name = MSViewControllerSlidingPanel.h; path = SlideMenuLibrary/MSViewControllerSlidingPanel.h; sourceTree = "<group>"; };
		EEBF7B721D1673E80034FF2D /* MSViewControllerSlidingPanel.m */ = {isa = PBXFileReference; fileEncoding = 4; lastKnownFileType = sourcecode.c.objc; name = MSViewControllerSlidingPanel.m; path = SlideMenuLibrary/MSViewControllerSlidingPanel.m; sourceTree = "<group>"; };
		EEBF7B791D16749F0034FF2D /* BaseTableViewController.swift */ = {isa = PBXFileReference; fileEncoding = 4; lastKnownFileType = sourcecode.swift; name = BaseTableViewController.swift; path = MainViewController/BaseTableViewController.swift; sourceTree = "<group>"; };
		EEBF7B891D1676440034FF2D /* HomeViewController.swift */ = {isa = PBXFileReference; fileEncoding = 4; lastKnownFileType = sourcecode.swift; name = HomeViewController.swift; path = MainViewController/HomeViewController.swift; sourceTree = "<group>"; };
		EEBF7B8B1D16767E0034FF2D /* SignUpItemController.swift */ = {isa = PBXFileReference; fileEncoding = 4; lastKnownFileType = sourcecode.swift; name = SignUpItemController.swift; path = MainViewController/SignUpItemController.swift; sourceTree = "<group>"; };
		EEBF7B8C1D16767E0034FF2D /* SignUpViewController.swift */ = {isa = PBXFileReference; fileEncoding = 4; lastKnownFileType = sourcecode.swift; name = SignUpViewController.swift; path = MainViewController/SignUpViewController.swift; sourceTree = "<group>"; };
		EEBF7B8F1D1676B50034FF2D /* BookingViewController.swift */ = {isa = PBXFileReference; fileEncoding = 4; lastKnownFileType = sourcecode.swift; name = BookingViewController.swift; path = MainViewController/BookingViewController.swift; sourceTree = "<group>"; };
		EEBF7B911D1677040034FF2D /* LoginViewController.swift */ = {isa = PBXFileReference; fileEncoding = 4; lastKnownFileType = sourcecode.swift; name = LoginViewController.swift; path = MainViewController/LoginViewController.swift; sourceTree = "<group>"; };
/* End PBXFileReference section */

/* Begin PBXFrameworksBuildPhase section */
		EEBF7B411D165D6B0034FF2D /* Frameworks */ = {
			isa = PBXFrameworksBuildPhase;
			buildActionMask = 2147483647;
			files = (
				EE0C316B1D17234900B6AD9C /* Crashlytics.framework in Frameworks */,
				EE0C316A1D17234900B6AD9C /* Fabric.framework in Frameworks */,
			);
			runOnlyForDeploymentPostprocessing = 0;
		};
/* End PBXFrameworksBuildPhase section */

/* Begin PBXGroup section */
		EEBF7B3B1D165D6B0034FF2D = {
			isa = PBXGroup;
			children = (
				EEBF7B461D165D6C0034FF2D /* CleanCondo */,
				EEDBEB221D174F0200CAF24A /* Frameworks */,
				EEBF7B451D165D6C0034FF2D /* Products */,
			);
			sourceTree = "<group>";
		};
		EEBF7B451D165D6C0034FF2D /* Products */ = {
			isa = PBXGroup;
			children = (
				EEBF7B441D165D6C0034FF2D /* CleanCondo.app */,
			);
			name = Products;
			sourceTree = "<group>";
		};
		EEBF7B461D165D6C0034FF2D /* CleanCondo */ = {
			isa = PBXGroup;
			children = (
				EEBF7B591D1671BB0034FF2D /* MainViewController */,
				EEBF7B4B1D165D6C0034FF2D /* Main.storyboard */,
				EEBF7B4E1D165D6C0034FF2D /* Assets.xcassets */,
				EEBF7B501D165D6C0034FF2D /* LaunchScreen.storyboard */,
				EEBF7B651D16733F0034FF2D /* HttpFunctions */,
				EEBF7B6A1D1673B60034FF2D /* Toast */,
				EEBF7B781D1673F50034FF2D /* SlideMenuLibrary */,
				EEBF7B621D1673090034FF2D /* Extensions */,
				EEBF7B531D165D6C0034FF2D /* Info.plist */,
				EEBF7B5A1D16727E0034FF2D /* CleanCondo-Bridging-Header.h */,
			);
			path = CleanCondo;
			sourceTree = "<group>";
		};
		EEBF7B591D1671BB0034FF2D /* MainViewController */ = {
			isa = PBXGroup;
			children = (
				EEBF7B5B1D16727F0034FF2D /* AppDelegate.swift */,
				EEBF7B791D16749F0034FF2D /* BaseTableViewController.swift */,
				EEBF7B891D1676440034FF2D /* HomeViewController.swift */,
				EEBF7B8B1D16767E0034FF2D /* SignUpItemController.swift */,
				EEBF7B8C1D16767E0034FF2D /* SignUpViewController.swift */,
				EEBF7B911D1677040034FF2D /* LoginViewController.swift */,
				EEBF7B8F1D1676B50034FF2D /* BookingViewController.swift */,
			);
			name = MainViewController;
			sourceTree = "<group>";
		};
		EEBF7B621D1673090034FF2D /* Extensions */ = {
			isa = PBXGroup;
			children = (
				EEBF7B5F1D1673030034FF2D /* CommonCryptor.h */,
				EEBF7B601D1673030034FF2D /* Extensions.swift */,
			);
			name = Extensions;
			sourceTree = "<group>";
		};
		EEBF7B651D16733F0034FF2D /* HttpFunctions */ = {
			isa = PBXGroup;
			children = (
				EEBF7B631D1673330034FF2D /* ConnectionDetector.swift */,
			);
			name = HttpFunctions;
			sourceTree = "<group>";
		};
		EEBF7B6A1D1673B60034FF2D /* Toast */ = {
			isa = PBXGroup;
			children = (
				EEBF7B661D1673AF0034FF2D /* HRToast+UIView.swift */,
				EEBF7B671D1673AF0034FF2D /* ToastFunction.swift */,
			);
			name = Toast;
			sourceTree = "<group>";
		};
		EEBF7B781D1673F50034FF2D /* SlideMenuLibrary */ = {
			isa = PBXGroup;
			children = (
				EEBF7B6D1D1673E80034FF2D /* LeftMenuViewController.swift */,
				EEBF7B6E1D1673E80034FF2D /* MenuTableViewCell.swift */,
				EEBF7B6B1D1673E80034FF2D /* EmptySegue.h */,
				EEBF7B6C1D1673E80034FF2D /* EmptySegue.m */,
				EEBF7B6F1D1673E80034FF2D /* MSSlidingPanelController.h */,
				EEBF7B701D1673E80034FF2D /* MSSlidingPanelController.m */,
				EEBF7B711D1673E80034FF2D /* MSViewControllerSlidingPanel.h */,
				EEBF7B721D1673E80034FF2D /* MSViewControllerSlidingPanel.m */,
			);
			name = SlideMenuLibrary;
			sourceTree = "<group>";
		};
		EEDBEB221D174F0200CAF24A /* Frameworks */ = {
			isa = PBXGroup;
			children = (
				EE0C31681D17234900B6AD9C /* Fabric.framework */,
				EE0C31691D17234900B6AD9C /* Crashlytics.framework */,
			);
			name = Frameworks;
			sourceTree = "<group>";
		};
/* End PBXGroup section */

/* Begin PBXNativeTarget section */
		EEBF7B431D165D6B0034FF2D /* CleanCondo */ = {
			isa = PBXNativeTarget;
			buildConfigurationList = EEBF7B561D165D6C0034FF2D /* Build configuration list for PBXNativeTarget "CleanCondo" */;
			buildPhases = (
				EEBF7B401D165D6B0034FF2D /* Sources */,
				EEBF7B411D165D6B0034FF2D /* Frameworks */,
				EEBF7B421D165D6B0034FF2D /* Resources */,
				EE0C31671D1722F900B6AD9C /* ShellScript */,
			);
			buildRules = (
			);
			dependencies = (
			);
			name = CleanCondo;
			productName = CleanCondo;
			productReference = EEBF7B441D165D6C0034FF2D /* CleanCondo.app */;
			productType = "com.apple.product-type.application";
		};
/* End PBXNativeTarget section */

/* Begin PBXProject section */
		EEBF7B3C1D165D6B0034FF2D /* Project object */ = {
			isa = PBXProject;
			attributes = {
				LastSwiftUpdateCheck = 0800;
				LastUpgradeCheck = 0800;
				ORGANIZATIONNAME = "--=_t0tep_=--";
				TargetAttributes = {
					EEBF7B431D165D6B0034FF2D = {
						CreatedOnToolsVersion = 8.0;
						DevelopmentTeam = 66YZ85YQB4;
						DevelopmentTeamName = "ItOperate Inc";
						LastSwiftMigration = 0800;
						ProvisioningStyle = Manual;
					};
				};
			};
			buildConfigurationList = EEBF7B3F1D165D6B0034FF2D /* Build configuration list for PBXProject "CleanCondo" */;
			compatibilityVersion = "Xcode 3.2";
			developmentRegion = English;
			hasScannedForEncodings = 0;
			knownRegions = (
				en,
				Base,
			);
			mainGroup = EEBF7B3B1D165D6B0034FF2D;
			productRefGroup = EEBF7B451D165D6C0034FF2D /* Products */;
			projectDirPath = "";
			projectRoot = "";
			targets = (
				EEBF7B431D165D6B0034FF2D /* CleanCondo */,
			);
		};
/* End PBXProject section */

/* Begin PBXResourcesBuildPhase section */
		EEBF7B421D165D6B0034FF2D /* Resources */ = {
			isa = PBXResourcesBuildPhase;
			buildActionMask = 2147483647;
			files = (
				EEBF7B521D165D6C0034FF2D /* LaunchScreen.storyboard in Resources */,
				EEBF7B4F1D165D6C0034FF2D /* Assets.xcassets in Resources */,
				EEBF7B4D1D165D6C0034FF2D /* Main.storyboard in Resources */,
			);
			runOnlyForDeploymentPostprocessing = 0;
		};
/* End PBXResourcesBuildPhase section */

/* Begin PBXShellScriptBuildPhase section */
		EE0C31671D1722F900B6AD9C /* ShellScript */ = {
			isa = PBXShellScriptBuildPhase;
			buildActionMask = 2147483647;
			files = (
			);
			inputPaths = (
				"",
			);
			outputPaths = (
			);
			runOnlyForDeploymentPostprocessing = 0;
			shellPath = /bin/sh;
			shellScript = "./Fabric.framework/run d934f96807ed15559754654f472f39048538ef24 2e0b57b19d97edadf4d731bff2681c461a09e4c483237e5d1d564456691c4dd9";
		};
/* End PBXShellScriptBuildPhase section */

/* Begin PBXSourcesBuildPhase section */
		EEBF7B401D165D6B0034FF2D /* Sources */ = {
			isa = PBXSourcesBuildPhase;
			buildActionMask = 2147483647;
			files = (
				EEBF7B681D1673AF0034FF2D /* HRToast+UIView.swift in Sources */,
				EEBF7B641D1673330034FF2D /* ConnectionDetector.swift in Sources */,
				EEBF7B611D1673030034FF2D /* Extensions.swift in Sources */,
				EEBF7B5D1D16727F0034FF2D /* AppDelegate.swift in Sources */,
				EEBF7B761D1673E80034FF2D /* MSSlidingPanelController.m in Sources */,
				EEBF7B751D1673E80034FF2D /* MenuTableViewCell.swift in Sources */,
				EEBF7B8D1D16767E0034FF2D /* SignUpItemController.swift in Sources */,
				EEBF7B691D1673AF0034FF2D /* ToastFunction.swift in Sources */,
				EEBF7B8E1D16767E0034FF2D /* SignUpViewController.swift in Sources */,
				EEBF7B741D1673E80034FF2D /* LeftMenuViewController.swift in Sources */,
				EEBF7B771D1673E80034FF2D /* MSViewControllerSlidingPanel.m in Sources */,
				EEBF7B7A1D16749F0034FF2D /* BaseTableViewController.swift in Sources */,
				EEBF7B921D1677040034FF2D /* LoginViewController.swift in Sources */,
				EEBF7B731D1673E80034FF2D /* EmptySegue.m in Sources */,
				EEBF7B901D1676B50034FF2D /* BookingViewController.swift in Sources */,
				EEBF7B8A1D1676440034FF2D /* HomeViewController.swift in Sources */,
			);
			runOnlyForDeploymentPostprocessing = 0;
		};
/* End PBXSourcesBuildPhase section */

/* Begin PBXVariantGroup section */
		EEBF7B4B1D165D6C0034FF2D /* Main.storyboard */ = {
			isa = PBXVariantGroup;
			children = (
				EEBF7B4C1D165D6C0034FF2D /* Base */,
			);
			name = Main.storyboard;
			sourceTree = "<group>";
		};
		EEBF7B501D165D6C0034FF2D /* LaunchScreen.storyboard */ = {
			isa = PBXVariantGroup;
			children = (
				EEBF7B511D165D6C0034FF2D /* Base */,
			);
			name = LaunchScreen.storyboard;
			sourceTree = "<group>";
		};
/* End PBXVariantGroup section */

/* Begin XCBuildConfiguration section */
		EEBF7B541D165D6C0034FF2D /* Debug */ = {
			isa = XCBuildConfiguration;
			buildSettings = {
				ALWAYS_SEARCH_USER_PATHS = NO;
				CLANG_ANALYZER_NONNULL = YES;
				CLANG_CXX_LANGUAGE_STANDARD = "gnu++0x";
				CLANG_CXX_LIBRARY = "libc++";
				CLANG_ENABLE_MODULES = YES;
				CLANG_ENABLE_OBJC_ARC = YES;
				CLANG_WARN_BOOL_CONVERSION = YES;
				CLANG_WARN_CONSTANT_CONVERSION = YES;
				CLANG_WARN_DIRECT_OBJC_ISA_USAGE = YES_ERROR;
				CLANG_WARN_DOCUMENTATION_COMMENTS = YES;
				CLANG_WARN_EMPTY_BODY = YES;
				CLANG_WARN_ENUM_CONVERSION = YES;
				CLANG_WARN_INT_CONVERSION = YES;
				CLANG_WARN_OBJC_ROOT_CLASS = YES_ERROR;
				CLANG_WARN_UNREACHABLE_CODE = YES;
				CLANG_WARN__DUPLICATE_METHOD_MATCH = YES;
				"CODE_SIGN_IDENTITY[sdk=iphoneos*]" = "iPhone Developer";
				COPY_PHASE_STRIP = NO;
				DEBUG_INFORMATION_FORMAT = dwarf;
				ENABLE_STRICT_OBJC_MSGSEND = YES;
				ENABLE_TESTABILITY = YES;
				GCC_C_LANGUAGE_STANDARD = gnu99;
				GCC_DYNAMIC_NO_PIC = NO;
				GCC_NO_COMMON_BLOCKS = YES;
				GCC_OPTIMIZATION_LEVEL = 0;
				GCC_PREPROCESSOR_DEFINITIONS = (
					"DEBUG=1",
					"$(inherited)",
				);
				GCC_WARN_64_TO_32_BIT_CONVERSION = YES;
				GCC_WARN_ABOUT_RETURN_TYPE = YES_ERROR;
				GCC_WARN_UNDECLARED_SELECTOR = YES;
				GCC_WARN_UNINITIALIZED_AUTOS = YES_AGGRESSIVE;
				GCC_WARN_UNUSED_FUNCTION = YES;
				GCC_WARN_UNUSED_VARIABLE = YES;
				IPHONEOS_DEPLOYMENT_TARGET = 10.0;
				MTL_ENABLE_DEBUG_INFO = YES;
				ONLY_ACTIVE_ARCH = YES;
				SDKROOT = iphoneos;
				SWIFT_ACTIVE_COMPILATION_CONDITIONS = DEBUG;
				SWIFT_OPTIMIZATION_LEVEL = "-Onone";
				TARGETED_DEVICE_FAMILY = "1,2";
			};
			name = Debug;
		};
		EEBF7B551D165D6C0034FF2D /* Release */ = {
			isa = XCBuildConfiguration;
			buildSettings = {
				ALWAYS_SEARCH_USER_PATHS = NO;
				CLANG_ANALYZER_NONNULL = YES;
				CLANG_CXX_LANGUAGE_STANDARD = "gnu++0x";
				CLANG_CXX_LIBRARY = "libc++";
				CLANG_ENABLE_MODULES = YES;
				CLANG_ENABLE_OBJC_ARC = YES;
				CLANG_WARN_BOOL_CONVERSION = YES;
				CLANG_WARN_CONSTANT_CONVERSION = YES;
				CLANG_WARN_DIRECT_OBJC_ISA_USAGE = YES_ERROR;
				CLANG_WARN_DOCUMENTATION_COMMENTS = YES;
				CLANG_WARN_EMPTY_BODY = YES;
				CLANG_WARN_ENUM_CONVERSION = YES;
				CLANG_WARN_INT_CONVERSION = YES;
				CLANG_WARN_OBJC_ROOT_CLASS = YES_ERROR;
				CLANG_WARN_UNREACHABLE_CODE = YES;
				CLANG_WARN__DUPLICATE_METHOD_MATCH = YES;
				"CODE_SIGN_IDENTITY[sdk=iphoneos*]" = "iPhone Developer";
				COPY_PHASE_STRIP = NO;
				DEBUG_INFORMATION_FORMAT = "dwarf-with-dsym";
				ENABLE_NS_ASSERTIONS = NO;
				ENABLE_STRICT_OBJC_MSGSEND = YES;
				GCC_C_LANGUAGE_STANDARD = gnu99;
				GCC_NO_COMMON_BLOCKS = YES;
				GCC_WARN_64_TO_32_BIT_CONVERSION = YES;
				GCC_WARN_ABOUT_RETURN_TYPE = YES_ERROR;
				GCC_WARN_UNDECLARED_SELECTOR = YES;
				GCC_WARN_UNINITIALIZED_AUTOS = YES_AGGRESSIVE;
				GCC_WARN_UNUSED_FUNCTION = YES;
				GCC_WARN_UNUSED_VARIABLE = YES;
				IPHONEOS_DEPLOYMENT_TARGET = 10.0;
				MTL_ENABLE_DEBUG_INFO = NO;
				SDKROOT = iphoneos;
				SWIFT_OPTIMIZATION_LEVEL = "-Owholemodule";
				TARGETED_DEVICE_FAMILY = "1,2";
				VALIDATE_PRODUCT = YES;
			};
			name = Release;
		};
		EEBF7B571D165D6C0034FF2D /* Debug */ = {
			isa = XCBuildConfiguration;
			buildSettings = {
				ASSETCATALOG_COMPILER_APPICON_NAME = AppIcon;
				ASSETCATALOG_COMPILER_LAUNCHIMAGE_NAME = "LaunchImage-2";
				CLANG_ENABLE_MODULES = YES;
				CODE_SIGN_IDENTITY = "iPhone Developer";
				"CODE_SIGN_IDENTITY[sdk=iphoneos*]" = "iPhone Distribution";
				DEBUG_INFORMATION_FORMAT = "dwarf-with-dsym";
				FRAMEWORK_SEARCH_PATHS = (
					"$(inherited)",
					"$(PROJECT_DIR)",
				);
				INFOPLIST_FILE = CleanCondo/Info.plist;
				IPHONEOS_DEPLOYMENT_TARGET = 8.3;
				LD_RUNPATH_SEARCH_PATHS = "$(inherited) @executable_path/Frameworks";
				PRODUCT_BUNDLE_IDENTIFIER = com.itOperate.app.CleanCondo;
				PRODUCT_NAME = "$(TARGET_NAME)";
				PROVISIONING_PROFILE = "fff85298-fae4-42fa-9197-7347caac21b0";
				PROVISIONING_PROFILE_SPECIFIER = "66YZ85YQB4/XC iOS: com.itOperate.app.CleanCondo";
				SWIFT_OBJC_BRIDGING_HEADER = "CleanCondo/CleanCondo-Bridging-Header.h";
				SWIFT_OPTIMIZATION_LEVEL = "-Onone";
				SWIFT_VERSION = 3.0;
			};
			name = Debug;
		};
		EEBF7B581D165D6C0034FF2D /* Release */ = {
			isa = XCBuildConfiguration;
			buildSettings = {
				ASSETCATALOG_COMPILER_APPICON_NAME = AppIcon;
				ASSETCATALOG_COMPILER_LAUNCHIMAGE_NAME = "LaunchImage-2";
				CLANG_ENABLE_MODULES = YES;
				CODE_SIGN_IDENTITY = "iPhone Developer";
				"CODE_SIGN_IDENTITY[sdk=iphoneos*]" = "iPhone Distribution";
				FRAMEWORK_SEARCH_PATHS = (
					"$(inherited)",
					"$(PROJECT_DIR)",
				);
				INFOPLIST_FILE = CleanCondo/Info.plist;
				IPHONEOS_DEPLOYMENT_TARGET = 8.3;
				LD_RUNPATH_SEARCH_PATHS = "$(inherited) @executable_path/Frameworks";
				PRODUCT_BUNDLE_IDENTIFIER = com.itOperate.app.CleanCondo;
				PRODUCT_NAME = "$(TARGET_NAME)";
				PROVISIONING_PROFILE = "fff85298-fae4-42fa-9197-7347caac21b0";
				PROVISIONING_PROFILE_SPECIFIER = "66YZ85YQB4/XC iOS: com.itOperate.app.CleanCondo";
				SWIFT_OBJC_BRIDGING_HEADER = "CleanCondo/CleanCondo-Bridging-Header.h";
				SWIFT_OPTIMIZATION_LEVEL = "-Onone";
				SWIFT_VERSION = 3.0;
			};
			name = Release;
		};
/* End XCBuildConfiguration section */

/* Begin XCConfigurationList section */
		EEBF7B3F1D165D6B0034FF2D /* Build configuration list for PBXProject "CleanCondo" */ = {
			isa = XCConfigurationList;
			buildConfigurations = (
				EEBF7B541D165D6C0034FF2D /* Debug */,
				EEBF7B551D165D6C0034FF2D /* Release */,
			);
			defaultConfigurationIsVisible = 0;
			defaultConfigurationName = Release;
		};
		EEBF7B561D165D6C0034FF2D /* Build configuration list for PBXNativeTarget "CleanCondo" */ = {
			isa = XCConfigurationList;
			buildConfigurations = (
				EEBF7B571D165D6C0034FF2D /* Debug */,
				EEBF7B581D165D6C0034FF2D /* Release */,
			);
			defaultConfigurationIsVisible = 0;
			defaultConfigurationName = Release;
		};
/* End XCConfigurationList section */
	};
	rootObject = EEBF7B3C1D165D6B0034FF2D /* Project object */;
}
